
Microsoft Visual Studio Solution File, Format Version 12.00
# Visual Studio 15
VisualStudioVersion = 15.0.27004.2002
MinimumVisualStudioVersion = 10.0.40219.1
Project("{FAE04EC0-301F-11D3-BF4B-00C04F79EFBC}") = "Meilenstein0", "Meilenstein0\Meilenstein0.csproj", "{EE854ECF-5142-4A67-B07F-73237B5908B7}"
EndProject
Project("{FAE04EC0-301F-11D3-BF4B-00C04F79EFBC}") = "Paket01", "Paket01\Paket01.csproj", "{18AB3FF7-7DA7-4688-AE91-1A8074AEC7CB}"
EndProject
Global
	GlobalSection(SolutionConfigurationPlatforms) = preSolution
		Debug|Any CPU = Debug|Any CPU
		Release|Any CPU = Release|Any CPU
	EndGlobalSection
	GlobalSection(ProjectConfigurationPlatforms) = postSolution
		{EE854ECF-5142-4A67-B07F-73237B5908B7}.Debug|Any CPU.ActiveCfg = Debug|Any CPU
		{EE854ECF-5142-4A67-B07F-73237B5908B7}.Debug|Any CPU.Build.0 = Debug|Any CPU
		{EE854ECF-5142-4A67-B07F-73237B5908B7}.Release|Any CPU.ActiveCfg = Release|Any CPU
		{EE854ECF-5142-4A67-B07F-73237B5908B7}.Release|Any CPU.Build.0 = Release|Any CPU
		{18AB3FF7-7DA7-4688-AE91-1A8074AEC7CB}.Debug|Any CPU.ActiveCfg = Debug|Any CPU
		{18AB3FF7-7DA7-4688-AE91-1A8074AEC7CB}.Debug|Any CPU.Build.0 = Debug|Any CPU
		{18AB3FF7-7DA7-4688-AE91-1A8074AEC7CB}.Release|Any CPU.ActiveCfg = Release|Any CPU
		{18AB3FF7-7DA7-4688-AE91-1A8074AEC7CB}.Release|Any CPU.Build.0 = Release|Any CPU
	EndGlobalSection
	GlobalSection(SolutionProperties) = preSolution
		HideSolutionNode = FALSE
	EndGlobalSection
	GlobalSection(ExtensibilityGlobals) = postSolution
		SolutionGuid = {C2E8338C-33B4-4CD9-9848-F2CD64DCBED7}
	EndGlobalSection
EndGlobal
